{
  "name": "bonotur",
  "version": "1.0.0",
  "lockfileVersion": 3,
  "requires": true,
  "packages": {
    "": {
      "name": "bonotur",
      "version": "1.0.0",
      "license": "MIT",
      "dependencies": {
        "lifechangeeee1": "^1.0.0"
      }
    },
    "node_modules/lifechangeeee1": {
      "version": "1.0.0",
      "resolved": "https://registry.npmjs.org/lifechangeeee1/-/lifechangeeee1-1.0.0.tgz",
      "integrity": "sha512-YzP2jzu0G/BqeJUe3SKQDNMpkGp+70H8pSByUQeFDnzELSp3BVgM1Yg5JqiE/KTJPQ3GGNGV/ZcnXdz1YOv0Bg=="
    }
  }
}
